
Microsoft Visual Studio Solution File, Format Version 12.00
# Visual Studio Version 16
VisualStudioVersion = 16.0.31129.286
MinimumVisualStudioVersion = 10.0.40219.1
Project("{FAE04EC0-301F-11D3-BF4B-00C04F79EFBC}") = "P01.Logica", "1.Condicional\P01.Logica.csproj", "{D509700A-1292-463D-804B-9C8B8E4C3598}"
EndProject
Project("{FAE04EC0-301F-11D3-BF4B-00C04F79EFBC}") = "P02.ByteBank(POO)", "P02.ByteBank(POO)\P02.ByteBank(POO).csproj", "{25CC0B7B-D342-4DA2-99D9-260EECBAF2EC}"
EndProject
Global
	GlobalSection(SolutionConfigurationPlatforms) = preSolution
		Debug|Any CPU = Debug|Any CPU
		Release|Any CPU = Release|Any CPU
	EndGlobalSection
	GlobalSection(ProjectConfigurationPlatforms) = postSolution
		{D509700A-1292-463D-804B-9C8B8E4C3598}.Debug|Any CPU.ActiveCfg = Debug|Any CPU
		{D509700A-1292-463D-804B-9C8B8E4C3598}.Debug|Any CPU.Build.0 = Debug|Any CPU
		{D509700A-1292-463D-804B-9C8B8E4C3598}.Release|Any CPU.ActiveCfg = Release|Any CPU
		{D509700A-1292-463D-804B-9C8B8E4C3598}.Release|Any CPU.Build.0 = Release|Any CPU
		{25CC0B7B-D342-4DA2-99D9-260EECBAF2EC}.Debug|Any CPU.ActiveCfg = Debug|Any CPU
		{25CC0B7B-D342-4DA2-99D9-260EECBAF2EC}.Debug|Any CPU.Build.0 = Debug|Any CPU
		{25CC0B7B-D342-4DA2-99D9-260EECBAF2EC}.Release|Any CPU.ActiveCfg = Release|Any CPU
		{25CC0B7B-D342-4DA2-99D9-260EECBAF2EC}.Release|Any CPU.Build.0 = Release|Any CPU
	EndGlobalSection
	GlobalSection(SolutionProperties) = preSolution
		HideSolutionNode = FALSE
	EndGlobalSection
	GlobalSection(ExtensibilityGlobals) = postSolution
		SolutionGuid = {FA00216D-4DB2-4E9A-8332-0B75DC908F00}
	EndGlobalSection
EndGlobal
